
Microsoft Visual Studio Solution File, Format Version 12.00
# Visual Studio Version 17
VisualStudioVersion = 17.6.33717.318
MinimumVisualStudioVersion = 10.0.40219.1
Project("{FAE04EC0-301F-11D3-BF4B-00C04F79EFBC}") = "Tarif_Defteri", "Tarif_Defteri.csproj", "{953ECD1C-58F8-442A-A9CE-7277D5BC166A}"
EndProject
Global
	GlobalSection(SolutionConfigurationPlatforms) = preSolution
		Debug|Any CPU = Debug|Any CPU
		Release|Any CPU = Release|Any CPU
	EndGlobalSection
	GlobalSection(ProjectConfigurationPlatforms) = postSolution
		{953ECD1C-58F8-442A-A9CE-7277D5BC166A}.Debug|Any CPU.ActiveCfg = Debug|Any CPU
		{953ECD1C-58F8-442A-A9CE-7277D5BC166A}.Debug|Any CPU.Build.0 = Debug|Any CPU
		{953ECD1C-58F8-442A-A9CE-7277D5BC166A}.Release|Any CPU.ActiveCfg = Release|Any CPU
		{953ECD1C-58F8-442A-A9CE-7277D5BC166A}.Release|Any CPU.Build.0 = Release|Any CPU
	EndGlobalSection
	GlobalSection(SolutionProperties) = preSolution
		HideSolutionNode = FALSE
	EndGlobalSection
	GlobalSection(ExtensibilityGlobals) = postSolution
		SolutionGuid = {114401A4-6E0C-4ADC-889F-080AB3AF0CFD}
	EndGlobalSection
EndGlobal
